// !$*UTF8*$!
{
	archiveVersion = 1;
	classes = {
	};
	objectVersion = 50;
	objects = {

/* Begin PBXBuildFile section */
		E85E040F249E188C00104CD3 /* AppDelegate.swift in Sources */ = {isa = PBXBuildFile; fileRef = E85E040E249E188C00104CD3 /* AppDelegate.swift */; };
		E85E0411249E188C00104CD3 /* SceneDelegate.swift in Sources */ = {isa = PBXBuildFile; fileRef = E85E0410249E188C00104CD3 /* SceneDelegate.swift */; };
		E85E0413249E188C00104CD3 /* ViewController.swift in Sources */ = {isa = PBXBuildFile; fileRef = E85E0412249E188C00104CD3 /* ViewController.swift */; };
		E85E0416249E188C00104CD3 /* Main.storyboard in Resources */ = {isa = PBXBuildFile; fileRef = E85E0414249E188C00104CD3 /* Main.storyboard */; };
		E85E0418249E188F00104CD3 /* Assets.xcassets in Resources */ = {isa = PBXBuildFile; fileRef = E85E0417249E188F00104CD3 /* Assets.xcassets */; };
		E85E041B249E188F00104CD3 /* LaunchScreen.storyboard in Resources */ = {isa = PBXBuildFile; fileRef = E85E0419249E188F00104CD3 /* LaunchScreen.storyboard */; };
		E85E0426249E189000104CD3 /* JankenTests.swift in Sources */ = {isa = PBXBuildFile; fileRef = E85E0425249E189000104CD3 /* JankenTests.swift */; };
		E85E0431249E189000104CD3 /* JankenUITests.swift in Sources */ = {isa = PBXBuildFile; fileRef = E85E0430249E189000104CD3 /* JankenUITests.swift */; };
		E85E0442249E1CDB00104CD3 /* jankenChoki.png in Resources */ = {isa = PBXBuildFile; fileRef = E85E043F249E1CDB00104CD3 /* jankenChoki.png */; };
		E85E0443249E1CDB00104CD3 /* jankenGu.png in Resources */ = {isa = PBXBuildFile; fileRef = E85E0440249E1CDB00104CD3 /* jankenGu.png */; };
		E85E0444249E1CDB00104CD3 /* jankenPa.png in Resources */ = {isa = PBXBuildFile; fileRef = E85E0441249E1CDB00104CD3 /* jankenPa.png */; };
		E85E0446249E216900104CD3 /* jankenText1.png in Resources */ = {isa = PBXBuildFile; fileRef = E85E0445249E216900104CD3 /* jankenText1.png */; };
/* End PBXBuildFile section */

/* Begin PBXContainerItemProxy section */
		E85E0422249E189000104CD3 /* PBXContainerItemProxy */ = {
			isa = PBXContainerItemProxy;
			containerPortal = E85E0403249E188C00104CD3 /* Project object */;
			proxyType = 1;
			remoteGlobalIDString = E85E040A249E188C00104CD3;
			remoteInfo = Janken;
		};
		E85E042D249E189000104CD3 /* PBXContainerItemProxy */ = {
			isa = PBXContainerItemProxy;
			containerPortal = E85E0403249E188C00104CD3 /* Project object */;
			proxyType = 1;
			remoteGlobalIDString = E85E040A249E188C00104CD3;
			remoteInfo = Janken;
		};
/* End PBXContainerItemProxy section */

/* Begin PBXFileReference section */
		E85E040B249E188C00104CD3 /* Janken.app */ = {isa = PBXFileReference; explicitFileType = wrapper.application; includeInIndex = 0; path = Janken.app; sourceTree = BUILT_PRODUCTS_DIR; };
		E85E040E249E188C00104CD3 /* AppDelegate.swift */ = {isa = PBXFileReference; lastKnownFileType = sourcecode.swift; path = AppDelegate.swift; sourceTree = "<group>"; };
		E85E0410249E188C00104CD3 /* SceneDelegate.swift */ = {isa = PBXFileReference; lastKnownFileType = sourcecode.swift; path = SceneDelegate.swift; sourceTree = "<group>"; };
		E85E0412249E188C00104CD3 /* ViewController.swift */ = {isa = PBXFileReference; lastKnownFileType = sourcecode.swift; path = ViewController.swift; sourceTree = "<group>"; };
		E85E0415249E188C00104CD3 /* Base */ = {isa = PBXFileReference; lastKnownFileType = file.storyboard; name = Base; path = Base.lproj/Main.storyboard; sourceTree = "<group>"; };
		E85E0417249E188F00104CD3 /* Assets.xcassets */ = {isa = PBXFileReference; lastKnownFileType = folder.assetcatalog; path = Assets.xcassets; sourceTree = "<group>"; };
		E85E041A249E188F00104CD3 /* Base */ = {isa = PBXFileReference; lastKnownFileType = file.storyboard; name = Base; path = Base.lproj/LaunchScreen.storyboard; sourceTree = "<group>"; };
		E85E041C249E188F00104CD3 /* Info.plist */ = {isa = PBXFileReference; lastKnownFileType = text.plist.xml; path = Info.plist; sourceTree = "<group>"; };
		E85E0421249E189000104CD3 /* JankenTests.xctest */ = {isa = PBXFileReference; explicitFileType = wrapper.cfbundle; includeInIndex = 0; path = JankenTests.xctest; sourceTree = BUILT_PRODUCTS_DIR; };
		E85E0425249E189000104CD3 /* JankenTests.swift */ = {isa = PBXFileReference; lastKnownFileType = sourcecode.swift; path = JankenTests.swift; sourceTree = "<group>"; };
		E85E0427249E189000104CD3 /* Info.plist */ = {isa = PBXFileReference; lastKnownFileType = text.plist.xml; path = Info.plist; sourceTree = "<group>"; };
		E85E042C249E189000104CD3 /* JankenUITests.xctest */ = {isa = PBXFileReference; explicitFileType = wrapper.cfbundle; includeInIndex = 0; path = JankenUITests.xctest; sourceTree = BUILT_PRODUCTS_DIR; };
		E85E0430249E189000104CD3 /* JankenUITests.swift */ = {isa = PBXFileReference; lastKnownFileType = sourcecode.swift; path = JankenUITests.swift; sourceTree = "<group>"; };
		E85E0432249E189000104CD3 /* Info.plist */ = {isa = PBXFileReference; lastKnownFileType = text.plist.xml; path = Info.plist; sourceTree = "<group>"; };
		E85E043F249E1CDB00104CD3 /* jankenChoki.png */ = {isa = PBXFileReference; lastKnownFileType = image.png; path = jankenChoki.png; sourceTree = "<group>"; };
		E85E0440249E1CDB00104CD3 /* jankenGu.png */ = {isa = PBXFileReference; lastKnownFileType = image.png; path = jankenGu.png; sourceTree = "<group>"; };
		E85E0441249E1CDB00104CD3 /* jankenPa.png */ = {isa = PBXFileReference; lastKnownFileType = image.png; path = jankenPa.png; sourceTree = "<group>"; };
		E85E0445249E216900104CD3 /* jankenText1.png */ = {isa = PBXFileReference; lastKnownFileType = image.png; path = jankenText1.png; sourceTree = "<group>"; };
/* End PBXFileReference section */

/* Begin PBXFrameworksBuildPhase section */
		E85E0408249E188C00104CD3 /* Frameworks */ = {
			isa = PBXFrameworksBuildPhase;
			buildActionMask = 2147483647;
			files = (
			);
			runOnlyForDeploymentPostprocessing = 0;
		};
		E85E041E249E189000104CD3 /* Frameworks */ = {
			isa = PBXFrameworksBuildPhase;
			buildActionMask = 2147483647;
			files = (
			);
			runOnlyForDeploymentPostprocessing = 0;
		};
		E85E0429249E189000104CD3 /* Frameworks */ = {
			isa = PBXFrameworksBuildPhase;
			buildActionMask = 2147483647;
			files = (
			);
			runOnlyForDeploymentPostprocessing = 0;
		};
/* End PBXFrameworksBuildPhase section */

/* Begin PBXGroup section */
		E85E0402249E188C00104CD3 = {
			isa = PBXGroup;
			children = (
				E85E040D249E188C00104CD3 /* Janken */,
				E85E0424249E189000104CD3 /* JankenTests */,
				E85E042F249E189000104CD3 /* JankenUITests */,
				E85E040C249E188C00104CD3 /* Products */,
			);
			sourceTree = "<group>";
		};
		E85E040C249E188C00104CD3 /* Products */ = {
			isa = PBXGroup;
			children = (
				E85E040B249E188C00104CD3 /* Janken.app */,
				E85E0421249E189000104CD3 /* JankenTests.xctest */,
				E85E042C249E189000104CD3 /* JankenUITests.xctest */,
			);
			name = Products;
			sourceTree = "<group>";
		};
		E85E040D249E188C00104CD3 /* Janken */ = {
			isa = PBXGroup;
			children = (
				E85E043E249E1CDB00104CD3 /* ジャンケン素材１ */,
				E85E040E249E188C00104CD3 /* AppDelegate.swift */,
				E85E0410249E188C00104CD3 /* SceneDelegate.swift */,
				E85E0412249E188C00104CD3 /* ViewController.swift */,
				E85E0414249E188C00104CD3 /* Main.storyboard */,
				E85E0417249E188F00104CD3 /* Assets.xcassets */,
				E85E0419249E188F00104CD3 /* LaunchScreen.storyboard */,
				E85E041C249E188F00104CD3 /* Info.plist */,
			);
			path = Janken;
			sourceTree = "<group>";
		};
		E85E0424249E189000104CD3 /* JankenTests */ = {
			isa = PBXGroup;
			children = (
				E85E0425249E189000104CD3 /* JankenTests.swift */,
				E85E0427249E189000104CD3 /* Info.plist */,
			);
			path = JankenTests;
			sourceTree = "<group>";
		};
		E85E042F249E189000104CD3 /* JankenUITests */ = {
			isa = PBXGroup;
			children = (
				E85E0430249E189000104CD3 /* JankenUITests.swift */,
				E85E0432249E189000104CD3 /* Info.plist */,
			);
			path = JankenUITests;
			sourceTree = "<group>";
		};
		E85E043E249E1CDB00104CD3 /* ジャンケン素材１ */ = {
			isa = PBXGroup;
			children = (
				E85E043F249E1CDB00104CD3 /* jankenChoki.png */,
				E85E0440249E1CDB00104CD3 /* jankenGu.png */,
				E85E0441249E1CDB00104CD3 /* jankenPa.png */,
				E85E0445249E216900104CD3 /* jankenText1.png */,
			);
			path = "ジャンケン素材１";
			sourceTree = "<group>";
		};
/* End PBXGroup section */

/* Begin PBXNativeTarget section */
		E85E040A249E188C00104CD3 /* Janken */ = {
			isa = PBXNativeTarget;
			buildConfigurationList = E85E0435249E189000104CD3 /* Build configuration list for PBXNativeTarget "Janken" */;
			buildPhases = (
				E85E0407249E188C00104CD3 /* Sources */,
				E85E0408249E188C00104CD3 /* Frameworks */,
				E85E0409249E188C00104CD3 /* Resources */,
			);
			buildRules = (
			);
			dependencies = (
			);
			name = Janken;
			productName = Janken;
			productReference = E85E040B249E188C00104CD3 /* Janken.app */;
			productType = "com.apple.product-type.application";
		};
		E85E0420249E189000104CD3 /* JankenTests */ = {
			isa = PBXNativeTarget;
			buildConfigurationList = E85E0438249E189000104CD3 /* Build configuration list for PBXNativeTarget "JankenTests" */;
			buildPhases = (
				E85E041D249E189000104CD3 /* Sources */,
				E85E041E249E189000104CD3 /* Frameworks */,
				E85E041F249E189000104CD3 /* Resources */,
			);
			buildRules = (
			);
			dependencies = (
				E85E0423249E189000104CD3 /* PBXTargetDependency */,
			);
			name = JankenTests;
			productName = JankenTests;
			productReference = E85E0421249E189000104CD3 /* JankenTests.xctest */;
			productType = "com.apple.product-type.bundle.unit-test";
		};
		E85E042B249E189000104CD3 /* JankenUITests */ = {
			isa = PBXNativeTarget;
			buildConfigurationList = E85E043B249E189000104CD3 /* Build configuration list for PBXNativeTarget "JankenUITests" */;
			buildPhases = (
				E85E0428249E189000104CD3 /* Sources */,
				E85E0429249E189000104CD3 /* Frameworks */,
				E85E042A249E189000104CD3 /* Resources */,
			);
			buildRules = (
			);
			dependencies = (
				E85E042E249E189000104CD3 /* PBXTargetDependency */,
			);
			name = JankenUITests;
			productName = JankenUITests;
			productReference = E85E042C249E189000104CD3 /* JankenUITests.xctest */;
			productType = "com.apple.product-type.bundle.ui-testing";
		};
/* End PBXNativeTarget section */

/* Begin PBXProject section */
		E85E0403249E188C00104CD3 /* Project object */ = {
			isa = PBXProject;
			attributes = {
				LastSwiftUpdateCheck = 1150;
				LastUpgradeCheck = 1150;
				ORGANIZATIONNAME = Okemoto.Aika;
				TargetAttributes = {
					E85E040A249E188C00104CD3 = {
						CreatedOnToolsVersion = 11.5;
					};
					E85E0420249E189000104CD3 = {
						CreatedOnToolsVersion = 11.5;
						TestTargetID = E85E040A249E188C00104CD3;
					};
					E85E042B249E189000104CD3 = {
						CreatedOnToolsVersion = 11.5;
						TestTargetID = E85E040A249E188C00104CD3;
					};
				};
			};
			buildConfigurationList = E85E0406249E188C00104CD3 /* Build configuration list for PBXProject "Janken" */;
			compatibilityVersion = "Xcode 9.3";
			developmentRegion = en;
			hasScannedForEncodings = 0;
			knownRegions = (
				en,
				Base,
			);
			mainGroup = E85E0402249E188C00104CD3;
			productRefGroup = E85E040C249E188C00104CD3 /* Products */;
			projectDirPath = "";
			projectRoot = "";
			targets = (
				E85E040A249E188C00104CD3 /* Janken */,
				E85E0420249E189000104CD3 /* JankenTests */,
				E85E042B249E189000104CD3 /* JankenUITests */,
			);
		};
/* End PBXProject section */

/* Begin PBXResourcesBuildPhase section */
		E85E0409249E188C00104CD3 /* Resources */ = {
			isa = PBXResourcesBuildPhase;
			buildActionMask = 2147483647;
			files = (
				E85E041B249E188F00104CD3 /* LaunchScreen.storyboard in Resources */,
				E85E0418249E188F00104CD3 /* Assets.xcassets in Resources */,
				E85E0416249E188C00104CD3 /* Main.storyboard in Resources */,
				E85E0442249E1CDB00104CD3 /* jankenChoki.png in Resources */,
				E85E0446249E216900104CD3 /* jankenText1.png in Resources */,
				E85E0443249E1CDB00104CD3 /* jankenGu.png in Resources */,
				E85E0444249E1CDB00104CD3 /* jankenPa.png in Resources */,
			);
			runOnlyForDeploymentPostprocessing = 0;
		};
		E85E041F249E189000104CD3 /* Resources */ = {
			isa = PBXResourcesBuildPhase;
			buildActionMask = 2147483647;
			files = (
			);
			runOnlyForDeploymentPostprocessing = 0;
		};
		E85E042A249E189000104CD3 /* Resources */ = {
			isa = PBXResourcesBuildPhase;
			buildActionMask = 2147483647;
			files = (
			);
			runOnlyForDeploymentPostprocessing = 0;
		};
/* End PBXResourcesBuildPhase section */

/* Begin PBXSourcesBuildPhase section */
		E85E0407249E188C00104CD3 /* Sources */ = {
			isa = PBXSourcesBuildPhase;
			buildActionMask = 2147483647;
			files = (
				E85E0413249E188C00104CD3 /* ViewController.swift in Sources */,
				E85E040F249E188C00104CD3 /* AppDelegate.swift in Sources */,
				E85E0411249E188C00104CD3 /* SceneDelegate.swift in Sources */,
			);
			runOnlyForDeploymentPostprocessing = 0;
		};
		E85E041D249E189000104CD3 /* Sources */ = {
			isa = PBXSourcesBuildPhase;
			buildActionMask = 2147483647;
			files = (
				E85E0426249E189000104CD3 /* JankenTests.swift in Sources */,
			);
			runOnlyForDeploymentPostprocessing = 0;
		};
		E85E0428249E189000104CD3 /* Sources */ = {
			isa = PBXSourcesBuildPhase;
			buildActionMask = 2147483647;
			files = (
				E85E0431249E189000104CD3 /* JankenUITests.swift in Sources */,
			);
			runOnlyForDeploymentPostprocessing = 0;
		};
/* End PBXSourcesBuildPhase section */

/* Begin PBXTargetDependency section */
		E85E0423249E189000104CD3 /* PBXTargetDependency */ = {
			isa = PBXTargetDependency;
			target = E85E040A249E188C00104CD3 /* Janken */;
			targetProxy = E85E0422249E189000104CD3 /* PBXContainerItemProxy */;
		};
		E85E042E249E189000104CD3 /* PBXTargetDependency */ = {
			isa = PBXTargetDependency;
			target = E85E040A249E188C00104CD3 /* Janken */;
			targetProxy = E85E042D249E189000104CD3 /* PBXContainerItemProxy */;
		};
/* End PBXTargetDependency section */

/* Begin PBXVariantGroup section */
		E85E0414249E188C00104CD3 /* Main.storyboard */ = {
			isa = PBXVariantGroup;
			children = (
				E85E0415249E188C00104CD3 /* Base */,
			);
			name = Main.storyboard;
			sourceTree = "<group>";
		};
		E85E0419249E188F00104CD3 /* LaunchScreen.storyboard */ = {
			isa = PBXVariantGroup;
			children = (
				E85E041A249E188F00104CD3 /* Base */,
			);
			name = LaunchScreen.storyboard;
			sourceTree = "<group>";
		};
/* End PBXVariantGroup section */

/* Begin XCBuildConfiguration section */
		E85E0433249E189000104CD3 /* Debug */ = {
			isa = XCBuildConfiguration;
			buildSettings = {
				ALWAYS_SEARCH_USER_PATHS = NO;
				CLANG_ANALYZER_NONNULL = YES;
				CLANG_ANALYZER_NUMBER_OBJECT_CONVERSION = YES_AGGRESSIVE;
				CLANG_CXX_LANGUAGE_STANDARD = "gnu++14";
				CLANG_CXX_LIBRARY = "libc++";
				CLANG_ENABLE_MODULES = YES;
				CLANG_ENABLE_OBJC_ARC = YES;
				CLANG_ENABLE_OBJC_WEAK = YES;
				CLANG_WARN_BLOCK_CAPTURE_AUTORELEASING = YES;
				CLANG_WARN_BOOL_CONVERSION = YES;
				CLANG_WARN_COMMA = YES;
				CLANG_WARN_CONSTANT_CONVERSION = YES;
				CLANG_WARN_DEPRECATED_OBJC_IMPLEMENTATIONS = YES;
				CLANG_WARN_DIRECT_OBJC_ISA_USAGE = YES_ERROR;
				CLANG_WARN_DOCUMENTATION_COMMENTS = YES;
				CLANG_WARN_EMPTY_BODY = YES;
				CLANG_WARN_ENUM_CONVERSION = YES;
				CLANG_WARN_INFINITE_RECURSION = YES;
				CLANG_WARN_INT_CONVERSION = YES;
				CLANG_WARN_NON_LITERAL_NULL_CONVERSION = YES;
				CLANG_WARN_OBJC_IMPLICIT_RETAIN_SELF = YES;
				CLANG_WARN_OBJC_LITERAL_CONVERSION = YES;
				CLANG_WARN_OBJC_ROOT_CLASS = YES_ERROR;
				CLANG_WARN_RANGE_LOOP_ANALYSIS = YES;
				CLANG_WARN_STRICT_PROTOTYPES = YES;
				CLANG_WARN_SUSPICIOUS_MOVE = YES;
				CLANG_WARN_UNGUARDED_AVAILABILITY = YES_AGGRESSIVE;
				CLANG_WARN_UNREACHABLE_CODE = YES;
				CLANG_WARN__DUPLICATE_METHOD_MATCH = YES;
				COPY_PHASE_STRIP = NO;
				DEBUG_INFORMATION_FORMAT = dwarf;
				ENABLE_STRICT_OBJC_MSGSEND = YES;
				ENABLE_TESTABILITY = YES;
				GCC_C_LANGUAGE_STANDARD = gnu11;
				GCC_DYNAMIC_NO_PIC = NO;
				GCC_NO_COMMON_BLOCKS = YES;
				GCC_OPTIMIZATION_LEVEL = 0;
				GCC_PREPROCESSOR_DEFINITIONS = (
					"DEBUG=1",
					"$(inherited)",
				);
				GCC_WARN_64_TO_32_BIT_CONVERSION = YES;
				GCC_WARN_ABOUT_RETURN_TYPE = YES_ERROR;
				GCC_WARN_UNDECLARED_SELECTOR = YES;
				GCC_WARN_UNINITIALIZED_AUTOS = YES_AGGRESSIVE;
				GCC_WARN_UNUSED_FUNCTION = YES;
				GCC_WARN_UNUSED_VARIABLE = YES;
				IPHONEOS_DEPLOYMENT_TARGET = 13.5;
				MTL_ENABLE_DEBUG_INFO = INCLUDE_SOURCE;
				MTL_FAST_MATH = YES;
				ONLY_ACTIVE_ARCH = YES;
				SDKROOT = iphoneos;
				SWIFT_ACTIVE_COMPILATION_CONDITIONS = DEBUG;
				SWIFT_OPTIMIZATION_LEVEL = "-Onone";
			};
			name = Debug;
		};
		E85E0434249E189000104CD3 /* Release */ = {
			isa = XCBuildConfiguration;
			buildSettings = {
				ALWAYS_SEARCH_USER_PATHS = NO;
				CLANG_ANALYZER_NONNULL = YES;
				CLANG_ANALYZER_NUMBER_OBJECT_CONVERSION = YES_AGGRESSIVE;
				CLANG_CXX_LANGUAGE_STANDARD = "gnu++14";
				CLANG_CXX_LIBRARY = "libc++";
				CLANG_ENABLE_MODULES = YES;
				CLANG_ENABLE_OBJC_ARC = YES;
				CLANG_ENABLE_OBJC_WEAK = YES;
				CLANG_WARN_BLOCK_CAPTURE_AUTORELEASING = YES;
				CLANG_WARN_BOOL_CONVERSION = YES;
				CLANG_WARN_COMMA = YES;
				CLANG_WARN_CONSTANT_CONVERSION = YES;
				CLANG_WARN_DEPRECATED_OBJC_IMPLEMENTATIONS = YES;
				CLANG_WARN_DIRECT_OBJC_ISA_USAGE = YES_ERROR;
				CLANG_WARN_DOCUMENTATION_COMMENTS = YES;
				CLANG_WARN_EMPTY_BODY = YES;
				CLANG_WARN_ENUM_CONVERSION = YES;
				CLANG_WARN_INFINITE_RECURSION = YES;
				CLANG_WARN_INT_CONVERSION = YES;
				CLANG_WARN_NON_LITERAL_NULL_CONVERSION = YES;
				CLANG_WARN_OBJC_IMPLICIT_RETAIN_SELF = YES;
				CLANG_WARN_OBJC_LITERAL_CONVERSION = YES;
				CLANG_WARN_OBJC_ROOT_CLASS = YES_ERROR;
				CLANG_WARN_RANGE_LOOP_ANALYSIS = YES;
				CLANG_WARN_STRICT_PROTOTYPES = YES;
				CLANG_WARN_SUSPICIOUS_MOVE = YES;
				CLANG_WARN_UNGUARDED_AVAILABILITY = YES_AGGRESSIVE;
				CLANG_WARN_UNREACHABLE_CODE = YES;
				CLANG_WARN__DUPLICATE_METHOD_MATCH = YES;
				COPY_PHASE_STRIP = NO;
				DEBUG_INFORMATION_FORMAT = "dwarf-with-dsym";
				ENABLE_NS_ASSERTIONS = NO;
				ENABLE_STRICT_OBJC_MSGSEND = YES;
				GCC_C_LANGUAGE_STANDARD = gnu11;
				GCC_NO_COMMON_BLOCKS = YES;
				GCC_WARN_64_TO_32_BIT_CONVERSION = YES;
				GCC_WARN_ABOUT_RETURN_TYPE = YES_ERROR;
				GCC_WARN_UNDECLARED_SELECTOR = YES;
				GCC_WARN_UNINITIALIZED_AUTOS = YES_AGGRESSIVE;
				GCC_WARN_UNUSED_FUNCTION = YES;
				GCC_WARN_UNUSED_VARIABLE = YES;
				IPHONEOS_DEPLOYMENT_TARGET = 13.5;
				MTL_ENABLE_DEBUG_INFO = NO;
				MTL_FAST_MATH = YES;
				SDKROOT = iphoneos;
				SWIFT_COMPILATION_MODE = wholemodule;
				SWIFT_OPTIMIZATION_LEVEL = "-O";
				VALIDATE_PRODUCT = YES;
			};
			name = Release;
		};
		E85E0436249E189000104CD3 /* Debug */ = {
			isa = XCBuildConfiguration;
			buildSettings = {
				ASSETCATALOG_COMPILER_APPICON_NAME = AppIcon;
				CODE_SIGN_STYLE = Automatic;
				INFOPLIST_FILE = Janken/Info.plist;
				LD_RUNPATH_SEARCH_PATHS = (
					"$(inherited)",
					"@executable_path/Frameworks",
				);
				PRODUCT_BUNDLE_IDENTIFIER = app.okemoto.okke.Janken;
				PRODUCT_NAME = "$(TARGET_NAME)";
				SWIFT_VERSION = 5.0;
				TARGETED_DEVICE_FAMILY = "1,2";
			};
			name = Debug;
		};
		E85E0437249E189000104CD3 /* Release */ = {
			isa = XCBuildConfiguration;
			buildSettings = {
				ASSETCATALOG_COMPILER_APPICON_NAME = AppIcon;
				CODE_SIGN_STYLE = Automatic;
				INFOPLIST_FILE = Janken/Info.plist;
				LD_RUNPATH_SEARCH_PATHS = (
					"$(inherited)",
					"@executable_path/Frameworks",
				);
				PRODUCT_BUNDLE_IDENTIFIER = app.okemoto.okke.Janken;
				PRODUCT_NAME = "$(TARGET_NAME)";
				SWIFT_VERSION = 5.0;
				TARGETED_DEVICE_FAMILY = "1,2";
			};
			name = Release;
		};
		E85E0439249E189000104CD3 /* Debug */ = {
			isa = XCBuildConfiguration;
			buildSettings = {
				ALWAYS_EMBED_SWIFT_STANDARD_LIBRARIES = YES;
				BUNDLE_LOADER = "$(TEST_HOST)";
				CODE_SIGN_STYLE = Automatic;
				INFOPLIST_FILE = JankenTests/Info.plist;
				IPHONEOS_DEPLOYMENT_TARGET = 13.5;
				LD_RUNPATH_SEARCH_PATHS = (
					"$(inherited)",
					"@executable_path/Frameworks",
					"@loader_path/Frameworks",
				);
				PRODUCT_BUNDLE_IDENTIFIER = app.okemoto.okke.JankenTests;
				PRODUCT_NAME = "$(TARGET_NAME)";
				SWIFT_VERSION = 5.0;
				TARGETED_DEVICE_FAMILY = "1,2";
				TEST_HOST = "$(BUILT_PRODUCTS_DIR)/Janken.app/Janken";
			};
			name = Debug;
		};
		E85E043A249E189000104CD3 /* Release */ = {
			isa = XCBuildConfiguration;
			buildSettings = {
				ALWAYS_EMBED_SWIFT_STANDARD_LIBRARIES = YES;
				BUNDLE_LOADER = "$(TEST_HOST)";
				CODE_SIGN_STYLE = Automatic;
				INFOPLIST_FILE = JankenTests/Info.plist;
				IPHONEOS_DEPLOYMENT_TARGET = 13.5;
				LD_RUNPATH_SEARCH_PATHS = (
					"$(inherited)",
					"@executable_path/Frameworks",
					"@loader_path/Frameworks",
				);
				PRODUCT_BUNDLE_IDENTIFIER = app.okemoto.okke.JankenTests;
				PRODUCT_NAME = "$(TARGET_NAME)";
				SWIFT_VERSION = 5.0;
				TARGETED_DEVICE_FAMILY = "1,2";
				TEST_HOST = "$(BUILT_PRODUCTS_DIR)/Janken.app/Janken";
			};
			name = Release;
		};
		E85E043C249E189000104CD3 /* Debug */ = {
			isa = XCBuildConfiguration;
			buildSettings = {
				ALWAYS_EMBED_SWIFT_STANDARD_LIBRARIES = YES;
				CODE_SIGN_STYLE = Automatic;
				INFOPLIST_FILE = JankenUITests/Info.plist;
				LD_RUNPATH_SEARCH_PATHS = (
					"$(inherited)",
					"@executable_path/Frameworks",
					"@loader_path/Frameworks",
				);
				PRODUCT_BUNDLE_IDENTIFIER = app.okemoto.okke.JankenUITests;
				PRODUCT_NAME = "$(TARGET_NAME)";
				SWIFT_VERSION = 5.0;
				TARGETED_DEVICE_FAMILY = "1,2";
				TEST_TARGET_NAME = Janken;
			};
			name = Debug;
		};
		E85E043D249E189000104CD3 /* Release */ = {
			isa = XCBuildConfiguration;
			buildSettings = {
				ALWAYS_EMBED_SWIFT_STANDARD_LIBRARIES = YES;
				CODE_SIGN_STYLE = Automatic;
				INFOPLIST_FILE = JankenUITests/Info.plist;
				LD_RUNPATH_SEARCH_PATHS = (
					"$(inherited)",
					"@executable_path/Frameworks",
					"@loader_path/Frameworks",
				);
				PRODUCT_BUNDLE_IDENTIFIER = app.okemoto.okke.JankenUITests;
				PRODUCT_NAME = "$(TARGET_NAME)";
				SWIFT_VERSION = 5.0;
				TARGETED_DEVICE_FAMILY = "1,2";
				TEST_TARGET_NAME = Janken;
			};
			name = Release;
		};
/* End XCBuildConfiguration section */

/* Begin XCConfigurationList section */
		E85E0406249E188C00104CD3 /* Build configuration list for PBXProject "Janken" */ = {
			isa = XCConfigurationList;
			buildConfigurations = (
				E85E0433249E189000104CD3 /* Debug */,
				E85E0434249E189000104CD3 /* Release */,
			);
			defaultConfigurationIsVisible = 0;
			defaultConfigurationName = Release;
		};
		E85E0435249E189000104CD3 /* Build configuration list for PBXNativeTarget "Janken" */ = {
			isa = XCConfigurationList;
			buildConfigurations = (
				E85E0436249E189000104CD3 /* Debug */,
				E85E0437249E189000104CD3 /* Release */,
			);
			defaultConfigurationIsVisible = 0;
			defaultConfigurationName = Release;
		};
		E85E0438249E189000104CD3 /* Build configuration list for PBXNativeTarget "JankenTests" */ = {
			isa = XCConfigurationList;
			buildConfigurations = (
				E85E0439249E189000104CD3 /* Debug */,
				E85E043A249E189000104CD3 /* Release */,
			);
			defaultConfigurationIsVisible = 0;
			defaultConfigurationName = Release;
		};
		E85E043B249E189000104CD3 /* Build configuration list for PBXNativeTarget "JankenUITests" */ = {
			isa = XCConfigurationList;
			buildConfigurations = (
				E85E043C249E189000104CD3 /* Debug */,
				E85E043D249E189000104CD3 /* Release */,
			);
			defaultConfigurationIsVisible = 0;
			defaultConfigurationName = Release;
		};
/* End XCConfigurationList section */
	};
	rootObject = E85E0403249E188C00104CD3 /* Project object */;
}
